
Microsoft Visual Studio Solution File, Format Version 12.00
# Visual Studio Version 17
VisualStudioVersion = 17.0.32126.317
MinimumVisualStudioVersion = 10.0.40219.1
Project("{FAE04EC0-301F-11D3-BF4B-00C04F79EFBC}") = "DemoTest02", "DemoTest02.csproj", "{8ABDBAC6-39FB-4528-A060-F0DBE240D5A7}"
EndProject
Global
	GlobalSection(SolutionConfigurationPlatforms) = preSolution
		Debug|Any CPU = Debug|Any CPU
		Release|Any CPU = Release|Any CPU
	EndGlobalSection
	GlobalSection(ProjectConfigurationPlatforms) = postSolution
		{8ABDBAC6-39FB-4528-A060-F0DBE240D5A7}.Debug|Any CPU.ActiveCfg = Debug|Any CPU
		{8ABDBAC6-39FB-4528-A060-F0DBE240D5A7}.Debug|Any CPU.Build.0 = Debug|Any CPU
		{8ABDBAC6-39FB-4528-A060-F0DBE240D5A7}.Release|Any CPU.ActiveCfg = Release|Any CPU
		{8ABDBAC6-39FB-4528-A060-F0DBE240D5A7}.Release|Any CPU.Build.0 = Release|Any CPU
	EndGlobalSection
	GlobalSection(SolutionProperties) = preSolution
		HideSolutionNode = FALSE
	EndGlobalSection
	GlobalSection(ExtensibilityGlobals) = postSolution
		SolutionGuid = {56CE59D1-72AA-45EA-95EC-5EE700801E71}
	EndGlobalSection
EndGlobal
